
Microsoft Visual Studio Solution File, Format Version 12.00
# Visual Studio Version 16
VisualStudioVersion = 16.0.30011.22
MinimumVisualStudioVersion = 10.0.40219.1
Project("{888888A0-9F3D-457C-B088-3A5042F75D52}") = "Facial-Recognition", "Facial-Recognition\Facial-Recognition.pyproj", "{F73B4D1D-11DF-44E0-9E35-DB9E3728E67F}"
EndProject
Global
	GlobalSection(SolutionConfigurationPlatforms) = preSolution
		Debug|Any CPU = Debug|Any CPU
		Release|Any CPU = Release|Any CPU
	EndGlobalSection
	GlobalSection(ProjectConfigurationPlatforms) = postSolution
		{F73B4D1D-11DF-44E0-9E35-DB9E3728E67F}.Debug|Any CPU.ActiveCfg = Debug|Any CPU
		{F73B4D1D-11DF-44E0-9E35-DB9E3728E67F}.Release|Any CPU.ActiveCfg = Release|Any CPU
	EndGlobalSection
	GlobalSection(SolutionProperties) = preSolution
		HideSolutionNode = FALSE
	EndGlobalSection
	GlobalSection(ExtensibilityGlobals) = postSolution
		SolutionGuid = {06ADC1BA-91A6-4A5E-8FA0-FD1ED9C1EE1F}
	EndGlobalSection
EndGlobal
